
Microsoft Visual Studio Solution File, Format Version 12.00
# Visual Studio Version 17
VisualStudioVersion = 17.9.34723.18
MinimumVisualStudioVersion = 10.0.40219.1
Project("{9A19103F-16F7-4668-BE54-9A1E7A4F7556}") = "Microservices", "Microservices\Microservices.csproj", "{5F13DE60-4309-4730-8812-A2E35D0AC5D3}"
EndProject
Project("{2150E333-8FDC-42A3-9474-1A3956D46DE8}") = "Shared", "Shared", "{06F39449-F451-4C7A-8135-DB04AB4950DD}"
EndProject
Project("{2150E333-8FDC-42A3-9474-1A3956D46DE8}") = "Core", "Core", "{C854DBF3-C62C-4C02-BEAF-A7620AC4C43A}"
	ProjectSection(SolutionItems) = preProject
		README.txt = README.txt
	EndProjectSection
EndProject
Project("{2150E333-8FDC-42A3-9474-1A3956D46DE8}") = "Customers", "Customers", "{8E685B86-BF89-4553-92E7-94836090FFA9}"
EndProject
Project("{2150E333-8FDC-42A3-9474-1A3956D46DE8}") = "Providers", "Providers", "{442E043B-23DD-40CC-9EE2-9B19C3CF588A}"
EndProject
Project("{2150E333-8FDC-42A3-9474-1A3956D46DE8}") = "Logistics", "Logistics", "{128FC6A0-AC1A-4219-A562-6160A4F2B1F7}"
EndProject
Project("{2150E333-8FDC-42A3-9474-1A3956D46DE8}") = "UI", "UI", "{6C7E7FF8-2D97-45D7-AC09-74F92B0947EC}"
EndProject
Project("{9A19103F-16F7-4668-BE54-9A1E7A4F7556}") = "App.Webapi", "App.Web\App.Webapi.csproj", "{B40A7AD0-685F-44FC-8354-C574931237F8}"
EndProject
Project("{9A19103F-16F7-4668-BE54-9A1E7A4F7556}") = "Blazor.CustomerReports", "Blazor.CustomerReports\Blazor.CustomerReports.csproj", "{00BBD1F3-1067-48D9-9394-61543D009E8F}"
EndProject
Project("{9A19103F-16F7-4668-BE54-9A1E7A4F7556}") = "Microservices.Base", "Microservices.Base\Microservices.Base.csproj", "{05F2976B-DA7F-491F-8594-5F5A0DB62EFB}"
EndProject
Project("{9A19103F-16F7-4668-BE54-9A1E7A4F7556}") = "Microservices.Integrations", "Microservices.Integrations\Microservices.Integrations.csproj", "{206AE28D-B0C6-45F7-982E-B9827844E8C5}"
EndProject
Project("{9A19103F-16F7-4668-BE54-9A1E7A4F7556}") = "Microservices.Core", "Microservices.Core\Microservices.Core.csproj", "{1F7BD09E-7A40-4075-B5D3-02680667BCFA}"
EndProject
Project("{9A19103F-16F7-4668-BE54-9A1E7A4F7556}") = "Microservices.Core.Domain", "Microservices.Core.Domain\Microservices.Core.Domain.csproj", "{9CC33EC8-C01A-4F92-BE3A-FCC52717EDFF}"
EndProject
Project("{9A19103F-16F7-4668-BE54-9A1E7A4F7556}") = "Microservices.Core.Public", "Microservices.Core.Public\Microservices.Core.Public.csproj", "{C369C1FC-C8F0-4078-B490-9F23F8784B42}"
EndProject
Project("{9A19103F-16F7-4668-BE54-9A1E7A4F7556}") = "Microservices.Customers", "Microservices.Customers\Microservices.Customers.csproj", "{7191159F-4A56-4A68-BBB7-B61F2E2FBF9B}"
EndProject
Project("{9A19103F-16F7-4668-BE54-9A1E7A4F7556}") = "Microservices.Customers.Domain", "Microservices.Customers.Domain\Microservices.Customers.Domain.csproj", "{368B8200-AB0C-43FA-95AE-81AF25B424F3}"
EndProject
Project("{9A19103F-16F7-4668-BE54-9A1E7A4F7556}") = "Microservices.Customers.Public", "Microservices.Customers.Public\Microservices.Customers.Public.csproj", "{34A50E49-32DA-4430-9C13-3A8157494A1D}"
EndProject
Project("{9A19103F-16F7-4668-BE54-9A1E7A4F7556}") = "Microservices.Providers", "Microservices.Providers\Microservices.Providers.csproj", "{A391983A-FC33-40DC-8A40-3974826A7B24}"
EndProject
Project("{9A19103F-16F7-4668-BE54-9A1E7A4F7556}") = "Microservices.Providers.Domain", "Microservices.Providers.Domain\Microservices.Providers.Domain.csproj", "{1AE0BB5D-29AB-4356-B859-B29C03C54C5C}"
EndProject
Project("{9A19103F-16F7-4668-BE54-9A1E7A4F7556}") = "Microservices.Providers.Public", "Microservices.Providers.Public\Microservices.Providers.Public.csproj", "{56FA6D31-6D76-464A-9872-37824A197E9E}"
EndProject
Project("{9A19103F-16F7-4668-BE54-9A1E7A4F7556}") = "Microservices.Logistics", "Microservices.Logistics\Microservices.Logistics.csproj", "{2BACF545-612E-4A78-9007-4006C06B6550}"
EndProject
Project("{9A19103F-16F7-4668-BE54-9A1E7A4F7556}") = "Microservices.Logistics.Domain", "Microservices.Logistics.Domain\Microservices.Logistics.Domain.csproj", "{BCD5E4B7-DDCD-4F35-B27A-740E206B0EFD}"
EndProject
Project("{9A19103F-16F7-4668-BE54-9A1E7A4F7556}") = "Microservices.Logistics.Public", "Microservices.Logistics.Public\Microservices.Logistics.Public.csproj", "{5EB991E4-8260-4FEE-B64E-5B3FD2CADA0D}"
EndProject
Project("{E53339B2-1760-4266-BCC7-CA923CBCF16C}") = "docker-compose", "docker-compose.dcproj", "{E293932C-B374-42BA-A9FE-A67687D27DC2}"
EndProject
Global
	GlobalSection(SolutionConfigurationPlatforms) = preSolution
		Debug|Any CPU = Debug|Any CPU
		Release|Any CPU = Release|Any CPU
	EndGlobalSection
	GlobalSection(ProjectConfigurationPlatforms) = postSolution
		{5F13DE60-4309-4730-8812-A2E35D0AC5D3}.Debug|Any CPU.ActiveCfg = Debug|Any CPU
		{5F13DE60-4309-4730-8812-A2E35D0AC5D3}.Debug|Any CPU.Build.0 = Debug|Any CPU
		{5F13DE60-4309-4730-8812-A2E35D0AC5D3}.Release|Any CPU.ActiveCfg = Release|Any CPU
		{5F13DE60-4309-4730-8812-A2E35D0AC5D3}.Release|Any CPU.Build.0 = Release|Any CPU
		{B40A7AD0-685F-44FC-8354-C574931237F8}.Debug|Any CPU.ActiveCfg = Debug|Any CPU
		{B40A7AD0-685F-44FC-8354-C574931237F8}.Debug|Any CPU.Build.0 = Debug|Any CPU
		{B40A7AD0-685F-44FC-8354-C574931237F8}.Release|Any CPU.ActiveCfg = Release|Any CPU
		{B40A7AD0-685F-44FC-8354-C574931237F8}.Release|Any CPU.Build.0 = Release|Any CPU
		{00BBD1F3-1067-48D9-9394-61543D009E8F}.Debug|Any CPU.ActiveCfg = Debug|Any CPU
		{00BBD1F3-1067-48D9-9394-61543D009E8F}.Debug|Any CPU.Build.0 = Debug|Any CPU
		{00BBD1F3-1067-48D9-9394-61543D009E8F}.Release|Any CPU.ActiveCfg = Release|Any CPU
		{00BBD1F3-1067-48D9-9394-61543D009E8F}.Release|Any CPU.Build.0 = Release|Any CPU
		{05F2976B-DA7F-491F-8594-5F5A0DB62EFB}.Debug|Any CPU.ActiveCfg = Debug|Any CPU
		{05F2976B-DA7F-491F-8594-5F5A0DB62EFB}.Debug|Any CPU.Build.0 = Debug|Any CPU
		{05F2976B-DA7F-491F-8594-5F5A0DB62EFB}.Release|Any CPU.ActiveCfg = Release|Any CPU
		{05F2976B-DA7F-491F-8594-5F5A0DB62EFB}.Release|Any CPU.Build.0 = Release|Any CPU
		{206AE28D-B0C6-45F7-982E-B9827844E8C5}.Debug|Any CPU.ActiveCfg = Debug|Any CPU
		{206AE28D-B0C6-45F7-982E-B9827844E8C5}.Debug|Any CPU.Build.0 = Debug|Any CPU
		{206AE28D-B0C6-45F7-982E-B9827844E8C5}.Release|Any CPU.ActiveCfg = Release|Any CPU
		{206AE28D-B0C6-45F7-982E-B9827844E8C5}.Release|Any CPU.Build.0 = Release|Any CPU
		{1F7BD09E-7A40-4075-B5D3-02680667BCFA}.Debug|Any CPU.ActiveCfg = Debug|Any CPU
		{1F7BD09E-7A40-4075-B5D3-02680667BCFA}.Debug|Any CPU.Build.0 = Debug|Any CPU
		{1F7BD09E-7A40-4075-B5D3-02680667BCFA}.Release|Any CPU.ActiveCfg = Release|Any CPU
		{1F7BD09E-7A40-4075-B5D3-02680667BCFA}.Release|Any CPU.Build.0 = Release|Any CPU
		{9CC33EC8-C01A-4F92-BE3A-FCC52717EDFF}.Debug|Any CPU.ActiveCfg = Debug|Any CPU
		{9CC33EC8-C01A-4F92-BE3A-FCC52717EDFF}.Debug|Any CPU.Build.0 = Debug|Any CPU
		{9CC33EC8-C01A-4F92-BE3A-FCC52717EDFF}.Release|Any CPU.ActiveCfg = Release|Any CPU
		{9CC33EC8-C01A-4F92-BE3A-FCC52717EDFF}.Release|Any CPU.Build.0 = Release|Any CPU
		{C369C1FC-C8F0-4078-B490-9F23F8784B42}.Debug|Any CPU.ActiveCfg = Debug|Any CPU
		{C369C1FC-C8F0-4078-B490-9F23F8784B42}.Debug|Any CPU.Build.0 = Debug|Any CPU
		{C369C1FC-C8F0-4078-B490-9F23F8784B42}.Release|Any CPU.ActiveCfg = Release|Any CPU
		{C369C1FC-C8F0-4078-B490-9F23F8784B42}.Release|Any CPU.Build.0 = Release|Any CPU
		{7191159F-4A56-4A68-BBB7-B61F2E2FBF9B}.Debug|Any CPU.ActiveCfg = Debug|Any CPU
		{7191159F-4A56-4A68-BBB7-B61F2E2FBF9B}.Debug|Any CPU.Build.0 = Debug|Any CPU
		{7191159F-4A56-4A68-BBB7-B61F2E2FBF9B}.Release|Any CPU.ActiveCfg = Release|Any CPU
		{7191159F-4A56-4A68-BBB7-B61F2E2FBF9B}.Release|Any CPU.Build.0 = Release|Any CPU
		{368B8200-AB0C-43FA-95AE-81AF25B424F3}.Debug|Any CPU.ActiveCfg = Debug|Any CPU
		{368B8200-AB0C-43FA-95AE-81AF25B424F3}.Debug|Any CPU.Build.0 = Debug|Any CPU
		{368B8200-AB0C-43FA-95AE-81AF25B424F3}.Release|Any CPU.ActiveCfg = Release|Any CPU
		{368B8200-AB0C-43FA-95AE-81AF25B424F3}.Release|Any CPU.Build.0 = Release|Any CPU
		{34A50E49-32DA-4430-9C13-3A8157494A1D}.Debug|Any CPU.ActiveCfg = Debug|Any CPU
		{34A50E49-32DA-4430-9C13-3A8157494A1D}.Debug|Any CPU.Build.0 = Debug|Any CPU
		{34A50E49-32DA-4430-9C13-3A8157494A1D}.Release|Any CPU.ActiveCfg = Release|Any CPU
		{34A50E49-32DA-4430-9C13-3A8157494A1D}.Release|Any CPU.Build.0 = Release|Any CPU
		{A391983A-FC33-40DC-8A40-3974826A7B24}.Debug|Any CPU.ActiveCfg = Debug|Any CPU
		{A391983A-FC33-40DC-8A40-3974826A7B24}.Debug|Any CPU.Build.0 = Debug|Any CPU
		{A391983A-FC33-40DC-8A40-3974826A7B24}.Release|Any CPU.ActiveCfg = Release|Any CPU
		{A391983A-FC33-40DC-8A40-3974826A7B24}.Release|Any CPU.Build.0 = Release|Any CPU
		{1AE0BB5D-29AB-4356-B859-B29C03C54C5C}.Debug|Any CPU.ActiveCfg = Debug|Any CPU
		{1AE0BB5D-29AB-4356-B859-B29C03C54C5C}.Debug|Any CPU.Build.0 = Debug|Any CPU
		{1AE0BB5D-29AB-4356-B859-B29C03C54C5C}.Release|Any CPU.ActiveCfg = Release|Any CPU
		{1AE0BB5D-29AB-4356-B859-B29C03C54C5C}.Release|Any CPU.Build.0 = Release|Any CPU
		{56FA6D31-6D76-464A-9872-37824A197E9E}.Debug|Any CPU.ActiveCfg = Debug|Any CPU
		{56FA6D31-6D76-464A-9872-37824A197E9E}.Debug|Any CPU.Build.0 = Debug|Any CPU
		{56FA6D31-6D76-464A-9872-37824A197E9E}.Release|Any CPU.ActiveCfg = Release|Any CPU
		{56FA6D31-6D76-464A-9872-37824A197E9E}.Release|Any CPU.Build.0 = Release|Any CPU
		{2BACF545-612E-4A78-9007-4006C06B6550}.Debug|Any CPU.ActiveCfg = Debug|Any CPU
		{2BACF545-612E-4A78-9007-4006C06B6550}.Debug|Any CPU.Build.0 = Debug|Any CPU
		{2BACF545-612E-4A78-9007-4006C06B6550}.Release|Any CPU.ActiveCfg = Release|Any CPU
		{2BACF545-612E-4A78-9007-4006C06B6550}.Release|Any CPU.Build.0 = Release|Any CPU
		{BCD5E4B7-DDCD-4F35-B27A-740E206B0EFD}.Debug|Any CPU.ActiveCfg = Debug|Any CPU
		{BCD5E4B7-DDCD-4F35-B27A-740E206B0EFD}.Debug|Any CPU.Build.0 = Debug|Any CPU
		{BCD5E4B7-DDCD-4F35-B27A-740E206B0EFD}.Release|Any CPU.ActiveCfg = Release|Any CPU
		{BCD5E4B7-DDCD-4F35-B27A-740E206B0EFD}.Release|Any CPU.Build.0 = Release|Any CPU
		{5EB991E4-8260-4FEE-B64E-5B3FD2CADA0D}.Debug|Any CPU.ActiveCfg = Debug|Any CPU
		{5EB991E4-8260-4FEE-B64E-5B3FD2CADA0D}.Debug|Any CPU.Build.0 = Debug|Any CPU
		{5EB991E4-8260-4FEE-B64E-5B3FD2CADA0D}.Release|Any CPU.ActiveCfg = Release|Any CPU
		{5EB991E4-8260-4FEE-B64E-5B3FD2CADA0D}.Release|Any CPU.Build.0 = Release|Any CPU
		{E293932C-B374-42BA-A9FE-A67687D27DC2}.Debug|Any CPU.ActiveCfg = Debug|Any CPU
		{E293932C-B374-42BA-A9FE-A67687D27DC2}.Debug|Any CPU.Build.0 = Debug|Any CPU
		{E293932C-B374-42BA-A9FE-A67687D27DC2}.Release|Any CPU.ActiveCfg = Release|Any CPU
		{E293932C-B374-42BA-A9FE-A67687D27DC2}.Release|Any CPU.Build.0 = Release|Any CPU
	EndGlobalSection
	GlobalSection(SolutionProperties) = preSolution
		HideSolutionNode = FALSE
	EndGlobalSection
	GlobalSection(NestedProjects) = preSolution
		{B40A7AD0-685F-44FC-8354-C574931237F8} = {6C7E7FF8-2D97-45D7-AC09-74F92B0947EC}
		{00BBD1F3-1067-48D9-9394-61543D009E8F} = {6C7E7FF8-2D97-45D7-AC09-74F92B0947EC}
		{05F2976B-DA7F-491F-8594-5F5A0DB62EFB} = {06F39449-F451-4C7A-8135-DB04AB4950DD}
		{206AE28D-B0C6-45F7-982E-B9827844E8C5} = {06F39449-F451-4C7A-8135-DB04AB4950DD}
		{1F7BD09E-7A40-4075-B5D3-02680667BCFA} = {C854DBF3-C62C-4C02-BEAF-A7620AC4C43A}
		{9CC33EC8-C01A-4F92-BE3A-FCC52717EDFF} = {C854DBF3-C62C-4C02-BEAF-A7620AC4C43A}
		{C369C1FC-C8F0-4078-B490-9F23F8784B42} = {C854DBF3-C62C-4C02-BEAF-A7620AC4C43A}
		{7191159F-4A56-4A68-BBB7-B61F2E2FBF9B} = {8E685B86-BF89-4553-92E7-94836090FFA9}
		{368B8200-AB0C-43FA-95AE-81AF25B424F3} = {8E685B86-BF89-4553-92E7-94836090FFA9}
		{34A50E49-32DA-4430-9C13-3A8157494A1D} = {8E685B86-BF89-4553-92E7-94836090FFA9}
		{A391983A-FC33-40DC-8A40-3974826A7B24} = {442E043B-23DD-40CC-9EE2-9B19C3CF588A}
		{1AE0BB5D-29AB-4356-B859-B29C03C54C5C} = {442E043B-23DD-40CC-9EE2-9B19C3CF588A}
		{56FA6D31-6D76-464A-9872-37824A197E9E} = {442E043B-23DD-40CC-9EE2-9B19C3CF588A}
		{2BACF545-612E-4A78-9007-4006C06B6550} = {128FC6A0-AC1A-4219-A562-6160A4F2B1F7}
		{BCD5E4B7-DDCD-4F35-B27A-740E206B0EFD} = {128FC6A0-AC1A-4219-A562-6160A4F2B1F7}
		{5EB991E4-8260-4FEE-B64E-5B3FD2CADA0D} = {128FC6A0-AC1A-4219-A562-6160A4F2B1F7}
	EndGlobalSection
	GlobalSection(ExtensibilityGlobals) = postSolution
		SolutionGuid = {4BBE4C30-703E-45B0-91FB-C918CD8ED459}
	EndGlobalSection
EndGlobal
